// !$*UTF8*$!
{
	archiveVersion = 1;
	classes = {
	};
	objectVersion = 51;
	objects = {

/* Begin PBXBuildFile section */
		7DEF824B6A466135E196578E /* Pods_youtube.framework in Frameworks */ = {isa = PBXBuildFile; fileRef = A9AA732BDAA0811CCF3D6B10 /* Pods_youtube.framework */; };
		CB4C5CFD25157DF600372EFC /* AppDelegate.swift in Sources */ = {isa = PBXBuildFile; fileRef = CB4C5CFC25157DF600372EFC /* AppDelegate.swift */; };
		CB4C5CFF25157DF600372EFC /* ViewController.swift in Sources */ = {isa = PBXBuildFile; fileRef = CB4C5CFE25157DF600372EFC /* ViewController.swift */; };
		CB4C5D0225157DF600372EFC /* Main.storyboard in Resources */ = {isa = PBXBuildFile; fileRef = CB4C5D0025157DF600372EFC /* Main.storyboard */; };
		CB4C5D0425157DF700372EFC /* Assets.xcassets in Resources */ = {isa = PBXBuildFile; fileRef = CB4C5D0325157DF700372EFC /* Assets.xcassets */; };
		CB4C5D0725157DF700372EFC /* LaunchScreen.storyboard in Resources */ = {isa = PBXBuildFile; fileRef = CB4C5D0525157DF700372EFC /* LaunchScreen.storyboard */; };
		CB4C5D0F2516B87F00372EFC /* Constants.swift in Sources */ = {isa = PBXBuildFile; fileRef = CB4C5D0E2516B87F00372EFC /* Constants.swift */; };
		CB4C5D112516BB4700372EFC /* ApiData.swift in Sources */ = {isa = PBXBuildFile; fileRef = CB4C5D102516BB4700372EFC /* ApiData.swift */; };
		CB4C5D132516BD5C00372EFC /* Model.swift in Sources */ = {isa = PBXBuildFile; fileRef = CB4C5D122516BD5C00372EFC /* Model.swift */; };
		CB5F9CDA2518EF1900780EA0 /* VideoTableViewCell.swift in Sources */ = {isa = PBXBuildFile; fileRef = CB5F9CD92518EF1900780EA0 /* VideoTableViewCell.swift */; };
		CB5F9CDC2519356000780EA0 /* VideoViewController.swift in Sources */ = {isa = PBXBuildFile; fileRef = CB5F9CDB2519356000780EA0 /* VideoViewController.swift */; };
		CB5F9CDE251A6D8400780EA0 /* WebKit.framework in Frameworks */ = {isa = PBXBuildFile; fileRef = CB5F9CDD251A6D8400780EA0 /* WebKit.framework */; };
		CB5F9CE0251BD22900780EA0 /* DarkModeViewController.swift in Sources */ = {isa = PBXBuildFile; fileRef = CB5F9CDF251BD22900780EA0 /* DarkModeViewController.swift */; };
		CB5F9CE2251CD47300780EA0 /* Theme.swift in Sources */ = {isa = PBXBuildFile; fileRef = CB5F9CE1251CD47300780EA0 /* Theme.swift */; };
		CB5F9CE4251CE12C00780EA0 /* ConstantsTemplate.swift in Sources */ = {isa = PBXBuildFile; fileRef = CB5F9CE3251CE12C00780EA0 /* ConstantsTemplate.swift */; };
/* End PBXBuildFile section */

/* Begin PBXFileReference section */
		3E81B561DE14FC266E02D578 /* Pods-youtube.release.xcconfig */ = {isa = PBXFileReference; includeInIndex = 1; lastKnownFileType = text.xcconfig; name = "Pods-youtube.release.xcconfig"; path = "Target Support Files/Pods-youtube/Pods-youtube.release.xcconfig"; sourceTree = "<group>"; };
		95708E5918442B7FF14E67CF /* Pods-youtube.debug.xcconfig */ = {isa = PBXFileReference; includeInIndex = 1; lastKnownFileType = text.xcconfig; name = "Pods-youtube.debug.xcconfig"; path = "Target Support Files/Pods-youtube/Pods-youtube.debug.xcconfig"; sourceTree = "<group>"; };
		A9AA732BDAA0811CCF3D6B10 /* Pods_youtube.framework */ = {isa = PBXFileReference; explicitFileType = wrapper.framework; includeInIndex = 0; path = Pods_youtube.framework; sourceTree = BUILT_PRODUCTS_DIR; };
		CB4C5CF925157DF600372EFC /* youtube.app */ = {isa = PBXFileReference; explicitFileType = wrapper.application; includeInIndex = 0; path = youtube.app; sourceTree = BUILT_PRODUCTS_DIR; };
		CB4C5CFC25157DF600372EFC /* AppDelegate.swift */ = {isa = PBXFileReference; lastKnownFileType = sourcecode.swift; path = AppDelegate.swift; sourceTree = "<group>"; };
		CB4C5CFE25157DF600372EFC /* ViewController.swift */ = {isa = PBXFileReference; lastKnownFileType = sourcecode.swift; path = ViewController.swift; sourceTree = "<group>"; };
		CB4C5D0125157DF600372EFC /* Base */ = {isa = PBXFileReference; lastKnownFileType = file.storyboard; name = Base; path = Base.lproj/Main.storyboard; sourceTree = "<group>"; };
		CB4C5D0325157DF700372EFC /* Assets.xcassets */ = {isa = PBXFileReference; lastKnownFileType = folder.assetcatalog; path = Assets.xcassets; sourceTree = "<group>"; };
		CB4C5D0625157DF700372EFC /* Base */ = {isa = PBXFileReference; lastKnownFileType = file.storyboard; name = Base; path = Base.lproj/LaunchScreen.storyboard; sourceTree = "<group>"; };
		CB4C5D0825157DF700372EFC /* Info.plist */ = {isa = PBXFileReference; lastKnownFileType = text.plist.xml; path = Info.plist; sourceTree = "<group>"; };
		CB4C5D0E2516B87F00372EFC /* Constants.swift */ = {isa = PBXFileReference; lastKnownFileType = sourcecode.swift; path = Constants.swift; sourceTree = "<group>"; };
		CB4C5D102516BB4700372EFC /* ApiData.swift */ = {isa = PBXFileReference; lastKnownFileType = sourcecode.swift; path = ApiData.swift; sourceTree = "<group>"; };
		CB4C5D122516BD5C00372EFC /* Model.swift */ = {isa = PBXFileReference; lastKnownFileType = sourcecode.swift; path = Model.swift; sourceTree = "<group>"; };
		CB5F9CD92518EF1900780EA0 /* VideoTableViewCell.swift */ = {isa = PBXFileReference; lastKnownFileType = sourcecode.swift; path = VideoTableViewCell.swift; sourceTree = "<group>"; };
		CB5F9CDB2519356000780EA0 /* VideoViewController.swift */ = {isa = PBXFileReference; lastKnownFileType = sourcecode.swift; path = VideoViewController.swift; sourceTree = "<group>"; };
		CB5F9CDD251A6D8400780EA0 /* WebKit.framework */ = {isa = PBXFileReference; lastKnownFileType = wrapper.framework; name = WebKit.framework; path = System/Library/Frameworks/WebKit.framework; sourceTree = SDKROOT; };
		CB5F9CDF251BD22900780EA0 /* DarkModeViewController.swift */ = {isa = PBXFileReference; lastKnownFileType = sourcecode.swift; path = DarkModeViewController.swift; sourceTree = "<group>"; };
		CB5F9CE1251CD47300780EA0 /* Theme.swift */ = {isa = PBXFileReference; lastKnownFileType = sourcecode.swift; path = Theme.swift; sourceTree = "<group>"; };
		CB5F9CE3251CE12C00780EA0 /* ConstantsTemplate.swift */ = {isa = PBXFileReference; lastKnownFileType = sourcecode.swift; path = ConstantsTemplate.swift; sourceTree = "<group>"; };
/* End PBXFileReference section */

/* Begin PBXFrameworksBuildPhase section */
		CB4C5CF625157DF600372EFC /* Frameworks */ = {
			isa = PBXFrameworksBuildPhase;
			buildActionMask = 2147483647;
			files = (
				CB5F9CDE251A6D8400780EA0 /* WebKit.framework in Frameworks */,
				7DEF824B6A466135E196578E /* Pods_youtube.framework in Frameworks */,
			);
			runOnlyForDeploymentPostprocessing = 0;
		};
/* End PBXFrameworksBuildPhase section */

/* Begin PBXGroup section */
		1046E3AD5B15E49EA022B8B2 /* Pods */ = {
			isa = PBXGroup;
			children = (
				95708E5918442B7FF14E67CF /* Pods-youtube.debug.xcconfig */,
				3E81B561DE14FC266E02D578 /* Pods-youtube.release.xcconfig */,
			);
			path = Pods;
			sourceTree = "<group>";
		};
		61CBA8399290F98BC45051BE /* Frameworks */ = {
			isa = PBXGroup;
			children = (
				CB5F9CDD251A6D8400780EA0 /* WebKit.framework */,
				A9AA732BDAA0811CCF3D6B10 /* Pods_youtube.framework */,
			);
			name = Frameworks;
			sourceTree = "<group>";
		};
		CB4C5CF025157DF600372EFC = {
			isa = PBXGroup;
			children = (
				CB4C5CFB25157DF600372EFC /* youtube */,
				CB4C5D0825157DF700372EFC /* Info.plist */,
				CB4C5CFA25157DF600372EFC /* Products */,
				1046E3AD5B15E49EA022B8B2 /* Pods */,
				61CBA8399290F98BC45051BE /* Frameworks */,
			);
			sourceTree = "<group>";
		};
		CB4C5CFA25157DF600372EFC /* Products */ = {
			isa = PBXGroup;
			children = (
				CB4C5CF925157DF600372EFC /* youtube.app */,
			);
			name = Products;
			sourceTree = "<group>";
		};
		CB4C5CFB25157DF600372EFC /* youtube */ = {
			isa = PBXGroup;
			children = (
				CB4C5CFC25157DF600372EFC /* AppDelegate.swift */,
				CB5F9CD72518ED1E00780EA0 /* ViewControllers */,
				CB5F9CD62518ED1400780EA0 /* View */,
				CB5F9CD82518ED2A00780EA0 /* Model */,
			);
			path = youtube;
			sourceTree = "<group>";
		};
		CB5F9CD62518ED1400780EA0 /* View */ = {
			isa = PBXGroup;
			children = (
				CB4C5D0025157DF600372EFC /* Main.storyboard */,
				CB4C5D0325157DF700372EFC /* Assets.xcassets */,
				CB4C5D0525157DF700372EFC /* LaunchScreen.storyboard */,
				CB5F9CD92518EF1900780EA0 /* VideoTableViewCell.swift */,
			);
			path = View;
			sourceTree = "<group>";
		};
		CB5F9CD72518ED1E00780EA0 /* ViewControllers */ = {
			isa = PBXGroup;
			children = (
				CB4C5CFE25157DF600372EFC /* ViewController.swift */,
				CB5F9CDB2519356000780EA0 /* VideoViewController.swift */,
				CB5F9CDF251BD22900780EA0 /* DarkModeViewController.swift */,
			);
			path = ViewControllers;
			sourceTree = "<group>";
		};
		CB5F9CD82518ED2A00780EA0 /* Model */ = {
			isa = PBXGroup;
			children = (
				CB4C5D102516BB4700372EFC /* ApiData.swift */,
				CB4C5D0E2516B87F00372EFC /* Constants.swift */,
				CB4C5D122516BD5C00372EFC /* Model.swift */,
				CB5F9CE1251CD47300780EA0 /* Theme.swift */,
				CB5F9CE3251CE12C00780EA0 /* ConstantsTemplate.swift */,
			);
			path = Model;
			sourceTree = "<group>";
		};
/* End PBXGroup section */

/* Begin PBXNativeTarget section */
		CB4C5CF825157DF600372EFC /* youtube */ = {
			isa = PBXNativeTarget;
			buildConfigurationList = CB4C5D0B25157DF700372EFC /* Build configuration list for PBXNativeTarget "youtube" */;
			buildPhases = (
				E07DE4EE8B12934099AAED88 /* [CP] Check Pods Manifest.lock */,
				CB4C5CF525157DF600372EFC /* Sources */,
				CB4C5CF625157DF600372EFC /* Frameworks */,
				CB4C5CF725157DF600372EFC /* Resources */,
				7A526D6F30C47ACD40EECB1E /* [CP] Embed Pods Frameworks */,
			);
			buildRules = (
			);
			dependencies = (
			);
			name = youtube;
			productName = youtube;
			productReference = CB4C5CF925157DF600372EFC /* youtube.app */;
			productType = "com.apple.product-type.application";
		};
/* End PBXNativeTarget section */

/* Begin PBXProject section */
		CB4C5CF125157DF600372EFC /* Project object */ = {
			isa = PBXProject;
			attributes = {
				LastSwiftUpdateCheck = 1020;
				LastUpgradeCheck = 1020;
				ORGANIZATIONNAME = "Marwan Osama";
				TargetAttributes = {
					CB4C5CF825157DF600372EFC = {
						CreatedOnToolsVersion = 10.2.1;
					};
				};
			};
			buildConfigurationList = CB4C5CF425157DF600372EFC /* Build configuration list for PBXProject "youtube" */;
			compatibilityVersion = "Xcode 9.3";
			developmentRegion = en;
			hasScannedForEncodings = 0;
			knownRegions = (
				en,
				Base,
			);
			mainGroup = CB4C5CF025157DF600372EFC;
			productRefGroup = CB4C5CFA25157DF600372EFC /* Products */;
			projectDirPath = "";
			projectRoot = "";
			targets = (
				CB4C5CF825157DF600372EFC /* youtube */,
			);
		};
/* End PBXProject section */

/* Begin PBXResourcesBuildPhase section */
		CB4C5CF725157DF600372EFC /* Resources */ = {
			isa = PBXResourcesBuildPhase;
			buildActionMask = 2147483647;
			files = (
				CB4C5D0725157DF700372EFC /* LaunchScreen.storyboard in Resources */,
				CB4C5D0425157DF700372EFC /* Assets.xcassets in Resources */,
				CB4C5D0225157DF600372EFC /* Main.storyboard in Resources */,
			);
			runOnlyForDeploymentPostprocessing = 0;
		};
/* End PBXResourcesBuildPhase section */

/* Begin PBXShellScriptBuildPhase section */
		7A526D6F30C47ACD40EECB1E /* [CP] Embed Pods Frameworks */ = {
			isa = PBXShellScriptBuildPhase;
			buildActionMask = 2147483647;
			files = (
			);
			inputFileListPaths = (
				"${PODS_ROOT}/Target Support Files/Pods-youtube/Pods-youtube-frameworks-${CONFIGURATION}-input-files.xcfilelist",
			);
			name = "[CP] Embed Pods Frameworks";
			outputFileListPaths = (
				"${PODS_ROOT}/Target Support Files/Pods-youtube/Pods-youtube-frameworks-${CONFIGURATION}-output-files.xcfilelist",
			);
			runOnlyForDeploymentPostprocessing = 0;
			shellPath = /bin/sh;
			shellScript = "\"${PODS_ROOT}/Target Support Files/Pods-youtube/Pods-youtube-frameworks.sh\"\n";
			showEnvVarsInLog = 0;
		};
		E07DE4EE8B12934099AAED88 /* [CP] Check Pods Manifest.lock */ = {
			isa = PBXShellScriptBuildPhase;
			buildActionMask = 2147483647;
			files = (
			);
			inputFileListPaths = (
			);
			inputPaths = (
				"${PODS_PODFILE_DIR_PATH}/Podfile.lock",
				"${PODS_ROOT}/Manifest.lock",
			);
			name = "[CP] Check Pods Manifest.lock";
			outputFileListPaths = (
			);
			outputPaths = (
				"$(DERIVED_FILE_DIR)/Pods-youtube-checkManifestLockResult.txt",
			);
			runOnlyForDeploymentPostprocessing = 0;
			shellPath = /bin/sh;
			shellScript = "diff \"${PODS_PODFILE_DIR_PATH}/Podfile.lock\" \"${PODS_ROOT}/Manifest.lock\" > /dev/null\nif [ $? != 0 ] ; then\n    # print error to STDERR\n    echo \"error: The sandbox is not in sync with the Podfile.lock. Run 'pod install' or update your CocoaPods installation.\" >&2\n    exit 1\nfi\n# This output is used by Xcode 'outputs' to avoid re-running this script phase.\necho \"SUCCESS\" > \"${SCRIPT_OUTPUT_FILE_0}\"\n";
			showEnvVarsInLog = 0;
		};
/* End PBXShellScriptBuildPhase section */

/* Begin PBXSourcesBuildPhase section */
		CB4C5CF525157DF600372EFC /* Sources */ = {
			isa = PBXSourcesBuildPhase;
			buildActionMask = 2147483647;
			files = (
				CB5F9CE2251CD47300780EA0 /* Theme.swift in Sources */,
				CB4C5D132516BD5C00372EFC /* Model.swift in Sources */,
				CB5F9CDC2519356000780EA0 /* VideoViewController.swift in Sources */,
				CB4C5CFF25157DF600372EFC /* ViewController.swift in Sources */,
				CB4C5D112516BB4700372EFC /* ApiData.swift in Sources */,
				CB4C5CFD25157DF600372EFC /* AppDelegate.swift in Sources */,
				CB5F9CE0251BD22900780EA0 /* DarkModeViewController.swift in Sources */,
				CB4C5D0F2516B87F00372EFC /* Constants.swift in Sources */,
				CB5F9CDA2518EF1900780EA0 /* VideoTableViewCell.swift in Sources */,
				CB5F9CE4251CE12C00780EA0 /* ConstantsTemplate.swift in Sources */,
			);
			runOnlyForDeploymentPostprocessing = 0;
		};
/* End PBXSourcesBuildPhase section */

/* Begin PBXVariantGroup section */
		CB4C5D0025157DF600372EFC /* Main.storyboard */ = {
			isa = PBXVariantGroup;
			children = (
				CB4C5D0125157DF600372EFC /* Base */,
			);
			name = Main.storyboard;
			sourceTree = "<group>";
		};
		CB4C5D0525157DF700372EFC /* LaunchScreen.storyboard */ = {
			isa = PBXVariantGroup;
			children = (
				CB4C5D0625157DF700372EFC /* Base */,
			);
			name = LaunchScreen.storyboard;
			sourceTree = "<group>";
		};
/* End PBXVariantGroup section */

/* Begin XCBuildConfiguration section */
		CB4C5D0925157DF700372EFC /* Debug */ = {
			isa = XCBuildConfiguration;
			buildSettings = {
				ALWAYS_SEARCH_USER_PATHS = NO;
				CLANG_ANALYZER_NONNULL = YES;
				CLANG_ANALYZER_NUMBER_OBJECT_CONVERSION = YES_AGGRESSIVE;
				CLANG_CXX_LANGUAGE_STANDARD = "gnu++14";
				CLANG_CXX_LIBRARY = "libc++";
				CLANG_ENABLE_MODULES = YES;
				CLANG_ENABLE_OBJC_ARC = YES;
				CLANG_ENABLE_OBJC_WEAK = YES;
				CLANG_WARN_BLOCK_CAPTURE_AUTORELEASING = YES;
				CLANG_WARN_BOOL_CONVERSION = YES;
				CLANG_WARN_COMMA = YES;
				CLANG_WARN_CONSTANT_CONVERSION = YES;
				CLANG_WARN_DEPRECATED_OBJC_IMPLEMENTATIONS = YES;
				CLANG_WARN_DIRECT_OBJC_ISA_USAGE = YES_ERROR;
				CLANG_WARN_DOCUMENTATION_COMMENTS = YES;
				CLANG_WARN_EMPTY_BODY = YES;
				CLANG_WARN_ENUM_CONVERSION = YES;
				CLANG_WARN_INFINITE_RECURSION = YES;
				CLANG_WARN_INT_CONVERSION = YES;
				CLANG_WARN_NON_LITERAL_NULL_CONVERSION = YES;
				CLANG_WARN_OBJC_IMPLICIT_RETAIN_SELF = YES;
				CLANG_WARN_OBJC_LITERAL_CONVERSION = YES;
				CLANG_WARN_OBJC_ROOT_CLASS = YES_ERROR;
				CLANG_WARN_RANGE_LOOP_ANALYSIS = YES;
				CLANG_WARN_STRICT_PROTOTYPES = YES;
				CLANG_WARN_SUSPICIOUS_MOVE = YES;
				CLANG_WARN_UNGUARDED_AVAILABILITY = YES_AGGRESSIVE;
				CLANG_WARN_UNREACHABLE_CODE = YES;
				CLANG_WARN__DUPLICATE_METHOD_MATCH = YES;
				CODE_SIGN_IDENTITY = "iPhone Developer";
				COPY_PHASE_STRIP = NO;
				DEBUG_INFORMATION_FORMAT = dwarf;
				ENABLE_STRICT_OBJC_MSGSEND = YES;
				ENABLE_TESTABILITY = YES;
				GCC_C_LANGUAGE_STANDARD = gnu11;
				GCC_DYNAMIC_NO_PIC = NO;
				GCC_NO_COMMON_BLOCKS = YES;
				GCC_OPTIMIZATION_LEVEL = 0;
				GCC_PREPROCESSOR_DEFINITIONS = (
					"DEBUG=1",
					"$(inherited)",
				);
				GCC_WARN_64_TO_32_BIT_CONVERSION = YES;
				GCC_WARN_ABOUT_RETURN_TYPE = YES_ERROR;
				GCC_WARN_UNDECLARED_SELECTOR = YES;
				GCC_WARN_UNINITIALIZED_AUTOS = YES_AGGRESSIVE;
				GCC_WARN_UNUSED_FUNCTION = YES;
				GCC_WARN_UNUSED_VARIABLE = YES;
				IPHONEOS_DEPLOYMENT_TARGET = 12.2;
				MTL_ENABLE_DEBUG_INFO = INCLUDE_SOURCE;
				MTL_FAST_MATH = YES;
				ONLY_ACTIVE_ARCH = YES;
				SDKROOT = iphoneos;
				SWIFT_ACTIVE_COMPILATION_CONDITIONS = DEBUG;
				SWIFT_OPTIMIZATION_LEVEL = "-Onone";
			};
			name = Debug;
		};
		CB4C5D0A25157DF700372EFC /* Release */ = {
			isa = XCBuildConfiguration;
			buildSettings = {
				ALWAYS_SEARCH_USER_PATHS = NO;
				CLANG_ANALYZER_NONNULL = YES;
				CLANG_ANALYZER_NUMBER_OBJECT_CONVERSION = YES_AGGRESSIVE;
				CLANG_CXX_LANGUAGE_STANDARD = "gnu++14";
				CLANG_CXX_LIBRARY = "libc++";
				CLANG_ENABLE_MODULES = YES;
				CLANG_ENABLE_OBJC_ARC = YES;
				CLANG_ENABLE_OBJC_WEAK = YES;
				CLANG_WARN_BLOCK_CAPTURE_AUTORELEASING = YES;
				CLANG_WARN_BOOL_CONVERSION = YES;
				CLANG_WARN_COMMA = YES;
				CLANG_WARN_CONSTANT_CONVERSION = YES;
				CLANG_WARN_DEPRECATED_OBJC_IMPLEMENTATIONS = YES;
				CLANG_WARN_DIRECT_OBJC_ISA_USAGE = YES_ERROR;
				CLANG_WARN_DOCUMENTATION_COMMENTS = YES;
				CLANG_WARN_EMPTY_BODY = YES;
				CLANG_WARN_ENUM_CONVERSION = YES;
				CLANG_WARN_INFINITE_RECURSION = YES;
				CLANG_WARN_INT_CONVERSION = YES;
				CLANG_WARN_NON_LITERAL_NULL_CONVERSION = YES;
				CLANG_WARN_OBJC_IMPLICIT_RETAIN_SELF = YES;
				CLANG_WARN_OBJC_LITERAL_CONVERSION = YES;
				CLANG_WARN_OBJC_ROOT_CLASS = YES_ERROR;
				CLANG_WARN_RANGE_LOOP_ANALYSIS = YES;
				CLANG_WARN_STRICT_PROTOTYPES = YES;
				CLANG_WARN_SUSPICIOUS_MOVE = YES;
				CLANG_WARN_UNGUARDED_AVAILABILITY = YES_AGGRESSIVE;
				CLANG_WARN_UNREACHABLE_CODE = YES;
				CLANG_WARN__DUPLICATE_METHOD_MATCH = YES;
				CODE_SIGN_IDENTITY = "iPhone Developer";
				COPY_PHASE_STRIP = NO;
				DEBUG_INFORMATION_FORMAT = "dwarf-with-dsym";
				ENABLE_NS_ASSERTIONS = NO;
				ENABLE_STRICT_OBJC_MSGSEND = YES;
				GCC_C_LANGUAGE_STANDARD = gnu11;
				GCC_NO_COMMON_BLOCKS = YES;
				GCC_WARN_64_TO_32_BIT_CONVERSION = YES;
				GCC_WARN_ABOUT_RETURN_TYPE = YES_ERROR;
				GCC_WARN_UNDECLARED_SELECTOR = YES;
				GCC_WARN_UNINITIALIZED_AUTOS = YES_AGGRESSIVE;
				GCC_WARN_UNUSED_FUNCTION = YES;
				GCC_WARN_UNUSED_VARIABLE = YES;
				IPHONEOS_DEPLOYMENT_TARGET = 12.2;
				MTL_ENABLE_DEBUG_INFO = NO;
				MTL_FAST_MATH = YES;
				SDKROOT = iphoneos;
				SWIFT_COMPILATION_MODE = wholemodule;
				SWIFT_OPTIMIZATION_LEVEL = "-O";
				VALIDATE_PRODUCT = YES;
			};
			name = Release;
		};
		CB4C5D0C25157DF700372EFC /* Debug */ = {
			isa = XCBuildConfiguration;
			baseConfigurationReference = 95708E5918442B7FF14E67CF /* Pods-youtube.debug.xcconfig */;
			buildSettings = {
				ASSETCATALOG_COMPILER_APPICON_NAME = AppIcon;
				CODE_SIGN_STYLE = Automatic;
				INFOPLIST_FILE = youtube/Info.plist;
				LD_RUNPATH_SEARCH_PATHS = (
					"$(inherited)",
					"@executable_path/Frameworks",
				);
				PRODUCT_BUNDLE_IDENTIFIER = com.marwan.youtube;
				PRODUCT_NAME = "$(TARGET_NAME)";
				SWIFT_VERSION = 5.0;
				TARGETED_DEVICE_FAMILY = "1,2";
			};
			name = Debug;
		};
		CB4C5D0D25157DF700372EFC /* Release */ = {
			isa = XCBuildConfiguration;
			baseConfigurationReference = 3E81B561DE14FC266E02D578 /* Pods-youtube.release.xcconfig */;
			buildSettings = {
				ASSETCATALOG_COMPILER_APPICON_NAME = AppIcon;
				CODE_SIGN_STYLE = Automatic;
				INFOPLIST_FILE = youtube/Info.plist;
				LD_RUNPATH_SEARCH_PATHS = (
					"$(inherited)",
					"@executable_path/Frameworks",
				);
				PRODUCT_BUNDLE_IDENTIFIER = com.marwan.youtube;
				PRODUCT_NAME = "$(TARGET_NAME)";
				SWIFT_VERSION = 5.0;
				TARGETED_DEVICE_FAMILY = "1,2";
			};
			name = Release;
		};
/* End XCBuildConfiguration section */

/* Begin XCConfigurationList section */
		CB4C5CF425157DF600372EFC /* Build configuration list for PBXProject "youtube" */ = {
			isa = XCConfigurationList;
			buildConfigurations = (
				CB4C5D0925157DF700372EFC /* Debug */,
				CB4C5D0A25157DF700372EFC /* Release */,
			);
			defaultConfigurationIsVisible = 0;
			defaultConfigurationName = Release;
		};
		CB4C5D0B25157DF700372EFC /* Build configuration list for PBXNativeTarget "youtube" */ = {
			isa = XCConfigurationList;
			buildConfigurations = (
				CB4C5D0C25157DF700372EFC /* Debug */,
				CB4C5D0D25157DF700372EFC /* Release */,
			);
			defaultConfigurationIsVisible = 0;
			defaultConfigurationName = Release;
		};
/* End XCConfigurationList section */
	};
	rootObject = CB4C5CF125157DF600372EFC /* Project object */;
}
